// !$*UTF8*$!
{
	archiveVersion = 1;
	classes = {
	};
	objectVersion = 55;
	objects = {

/* Begin PBXBuildFile section */
		E116AB5A28BF26EC0018CF7E /* Resource.swift in Sources */ = {isa = PBXBuildFile; fileRef = E116AB5928BF26EC0018CF7E /* Resource.swift */; };
		E125C71028B7BDAE002B70B0 /* TitleCollectionViewCell.swift in Sources */ = {isa = PBXBuildFile; fileRef = E125C70F28B7BDAE002B70B0 /* TitleCollectionViewCell.swift */; };
		E125C71328B7C034002B70B0 /* SDWebImage in Frameworks */ = {isa = PBXBuildFile; productRef = E125C71228B7C034002B70B0 /* SDWebImage */; };
		E125C71528B7C034002B70B0 /* SDWebImageMapKit in Frameworks */ = {isa = PBXBuildFile; productRef = E125C71428B7C034002B70B0 /* SDWebImageMapKit */; };
		E1276EF128B64E8E00301B55 /* HomeViewModel.swift in Sources */ = {isa = PBXBuildFile; fileRef = E1276EF028B64E8E00301B55 /* HomeViewModel.swift */; };
		E12DC3FE28B88E1000A14EF7 /* ImageLoader.swift in Sources */ = {isa = PBXBuildFile; fileRef = E12DC3FD28B88E1000A14EF7 /* ImageLoader.swift */; };
		E13FBA0828AE17DF00EF5743 /* APIService.swift in Sources */ = {isa = PBXBuildFile; fileRef = E13FBA0728AE17DF00EF5743 /* APIService.swift */; };
		E13FBA0A28AE3AB100EF5743 /* Movie.swift in Sources */ = {isa = PBXBuildFile; fileRef = E13FBA0928AE3AB100EF5743 /* Movie.swift */; };
		E177523A28A8B31700D4F4AF /* CollectionViewTableViewCell.swift in Sources */ = {isa = PBXBuildFile; fileRef = E177523928A8B31700D4F4AF /* CollectionViewTableViewCell.swift */; };
		E177523C28A8CC0700D4F4AF /* HeroUIView.swift in Sources */ = {isa = PBXBuildFile; fileRef = E177523B28A8CC0700D4F4AF /* HeroUIView.swift */; };
		E1C236FC2893D73A0039F870 /* AppDelegate.swift in Sources */ = {isa = PBXBuildFile; fileRef = E1C236FB2893D73A0039F870 /* AppDelegate.swift */; };
		E1C236FE2893D73A0039F870 /* SceneDelegate.swift in Sources */ = {isa = PBXBuildFile; fileRef = E1C236FD2893D73A0039F870 /* SceneDelegate.swift */; };
		E1C237002893D73A0039F870 /* MainTabBarController.swift in Sources */ = {isa = PBXBuildFile; fileRef = E1C236FF2893D73A0039F870 /* MainTabBarController.swift */; };
		E1C237062893D73A0039F870 /* Netflix_Clone.xcdatamodeld in Sources */ = {isa = PBXBuildFile; fileRef = E1C237042893D73A0039F870 /* Netflix_Clone.xcdatamodeld */; };
		E1C237082893D73D0039F870 /* Assets.xcassets in Resources */ = {isa = PBXBuildFile; fileRef = E1C237072893D73D0039F870 /* Assets.xcassets */; };
		E1C2370B2893D73D0039F870 /* LaunchScreen.storyboard in Resources */ = {isa = PBXBuildFile; fileRef = E1C237092893D73D0039F870 /* LaunchScreen.storyboard */; };
		E1C237162893D73E0039F870 /* Netflix_CloneTests.swift in Sources */ = {isa = PBXBuildFile; fileRef = E1C237152893D73E0039F870 /* Netflix_CloneTests.swift */; };
		E1C237202893D73E0039F870 /* Netflix_CloneUITests.swift in Sources */ = {isa = PBXBuildFile; fileRef = E1C2371F2893D73E0039F870 /* Netflix_CloneUITests.swift */; };
		E1C237222893D73E0039F870 /* Netflix_CloneUITestsLaunchTests.swift in Sources */ = {isa = PBXBuildFile; fileRef = E1C237212893D73E0039F870 /* Netflix_CloneUITestsLaunchTests.swift */; };
		E1F1059328C22026004BEE7E /* Publisher.swift in Sources */ = {isa = PBXBuildFile; fileRef = E1F1059228C22026004BEE7E /* Publisher.swift */; };
		E1F888172895136000F2EF2B /* HomeViewController.swift in Sources */ = {isa = PBXBuildFile; fileRef = E1F888162895136000F2EF2B /* HomeViewController.swift */; };
		E1F888192895139200F2EF2B /* UpComingViewController.swift in Sources */ = {isa = PBXBuildFile; fileRef = E1F888182895139200F2EF2B /* UpComingViewController.swift */; };
		E1F8881B289513A600F2EF2B /* SearchViewController.swift in Sources */ = {isa = PBXBuildFile; fileRef = E1F8881A289513A600F2EF2B /* SearchViewController.swift */; };
		E1F8881D289513BA00F2EF2B /* DownloadsViewController.swift in Sources */ = {isa = PBXBuildFile; fileRef = E1F8881C289513BA00F2EF2B /* DownloadsViewController.swift */; };
/* End PBXBuildFile section */

/* Begin PBXContainerItemProxy section */
		E1C237122893D73D0039F870 /* PBXContainerItemProxy */ = {
			isa = PBXContainerItemProxy;
			containerPortal = E1C236F02893D73A0039F870 /* Project object */;
			proxyType = 1;
			remoteGlobalIDString = E1C236F72893D73A0039F870;
			remoteInfo = "Netflix Clone";
		};
		E1C2371C2893D73E0039F870 /* PBXContainerItemProxy */ = {
			isa = PBXContainerItemProxy;
			containerPortal = E1C236F02893D73A0039F870 /* Project object */;
			proxyType = 1;
			remoteGlobalIDString = E1C236F72893D73A0039F870;
			remoteInfo = "Netflix Clone";
		};
/* End PBXContainerItemProxy section */

/* Begin PBXFileReference section */
		E116AB5928BF26EC0018CF7E /* Resource.swift */ = {isa = PBXFileReference; lastKnownFileType = sourcecode.swift; path = Resource.swift; sourceTree = "<group>"; };
		E125C70F28B7BDAE002B70B0 /* TitleCollectionViewCell.swift */ = {isa = PBXFileReference; lastKnownFileType = sourcecode.swift; path = TitleCollectionViewCell.swift; sourceTree = "<group>"; };
		E1276EF028B64E8E00301B55 /* HomeViewModel.swift */ = {isa = PBXFileReference; lastKnownFileType = sourcecode.swift; path = HomeViewModel.swift; sourceTree = "<group>"; };
		E12DC3FD28B88E1000A14EF7 /* ImageLoader.swift */ = {isa = PBXFileReference; lastKnownFileType = sourcecode.swift; path = ImageLoader.swift; sourceTree = "<group>"; };
		E13FBA0728AE17DF00EF5743 /* APIService.swift */ = {isa = PBXFileReference; lastKnownFileType = sourcecode.swift; path = APIService.swift; sourceTree = "<group>"; };
		E13FBA0928AE3AB100EF5743 /* Movie.swift */ = {isa = PBXFileReference; lastKnownFileType = sourcecode.swift; path = Movie.swift; sourceTree = "<group>"; };
		E177523928A8B31700D4F4AF /* CollectionViewTableViewCell.swift */ = {isa = PBXFileReference; lastKnownFileType = sourcecode.swift; path = CollectionViewTableViewCell.swift; sourceTree = "<group>"; };
		E177523B28A8CC0700D4F4AF /* HeroUIView.swift */ = {isa = PBXFileReference; lastKnownFileType = sourcecode.swift; path = HeroUIView.swift; sourceTree = "<group>"; };
		E1C236F82893D73A0039F870 /* Netflix Clone.app */ = {isa = PBXFileReference; explicitFileType = wrapper.application; includeInIndex = 0; path = "Netflix Clone.app"; sourceTree = BUILT_PRODUCTS_DIR; };
		E1C236FB2893D73A0039F870 /* AppDelegate.swift */ = {isa = PBXFileReference; lastKnownFileType = sourcecode.swift; path = AppDelegate.swift; sourceTree = "<group>"; };
		E1C236FD2893D73A0039F870 /* SceneDelegate.swift */ = {isa = PBXFileReference; lastKnownFileType = sourcecode.swift; path = SceneDelegate.swift; sourceTree = "<group>"; };
		E1C236FF2893D73A0039F870 /* MainTabBarController.swift */ = {isa = PBXFileReference; lastKnownFileType = sourcecode.swift; path = MainTabBarController.swift; sourceTree = "<group>"; };
		E1C237052893D73A0039F870 /* Netflix_Clone.xcdatamodel */ = {isa = PBXFileReference; lastKnownFileType = wrapper.xcdatamodel; path = Netflix_Clone.xcdatamodel; sourceTree = "<group>"; };
		E1C237072893D73D0039F870 /* Assets.xcassets */ = {isa = PBXFileReference; lastKnownFileType = folder.assetcatalog; path = Assets.xcassets; sourceTree = "<group>"; };
		E1C2370A2893D73D0039F870 /* Base */ = {isa = PBXFileReference; lastKnownFileType = file.storyboard; name = Base; path = Base.lproj/LaunchScreen.storyboard; sourceTree = "<group>"; };
		E1C2370C2893D73D0039F870 /* Info.plist */ = {isa = PBXFileReference; lastKnownFileType = text.plist.xml; path = Info.plist; sourceTree = "<group>"; };
		E1C237112893D73D0039F870 /* Netflix CloneTests.xctest */ = {isa = PBXFileReference; explicitFileType = wrapper.cfbundle; includeInIndex = 0; path = "Netflix CloneTests.xctest"; sourceTree = BUILT_PRODUCTS_DIR; };
		E1C237152893D73E0039F870 /* Netflix_CloneTests.swift */ = {isa = PBXFileReference; lastKnownFileType = sourcecode.swift; path = Netflix_CloneTests.swift; sourceTree = "<group>"; };
		E1C2371B2893D73E0039F870 /* Netflix CloneUITests.xctest */ = {isa = PBXFileReference; explicitFileType = wrapper.cfbundle; includeInIndex = 0; path = "Netflix CloneUITests.xctest"; sourceTree = BUILT_PRODUCTS_DIR; };
		E1C2371F2893D73E0039F870 /* Netflix_CloneUITests.swift */ = {isa = PBXFileReference; lastKnownFileType = sourcecode.swift; path = Netflix_CloneUITests.swift; sourceTree = "<group>"; };
		E1C237212893D73E0039F870 /* Netflix_CloneUITestsLaunchTests.swift */ = {isa = PBXFileReference; lastKnownFileType = sourcecode.swift; path = Netflix_CloneUITestsLaunchTests.swift; sourceTree = "<group>"; };
		E1F1059228C22026004BEE7E /* Publisher.swift */ = {isa = PBXFileReference; lastKnownFileType = sourcecode.swift; path = Publisher.swift; sourceTree = "<group>"; };
		E1F888162895136000F2EF2B /* HomeViewController.swift */ = {isa = PBXFileReference; lastKnownFileType = sourcecode.swift; path = HomeViewController.swift; sourceTree = "<group>"; };
		E1F888182895139200F2EF2B /* UpComingViewController.swift */ = {isa = PBXFileReference; lastKnownFileType = sourcecode.swift; path = UpComingViewController.swift; sourceTree = "<group>"; };
		E1F8881A289513A600F2EF2B /* SearchViewController.swift */ = {isa = PBXFileReference; lastKnownFileType = sourcecode.swift; path = SearchViewController.swift; sourceTree = "<group>"; };
		E1F8881C289513BA00F2EF2B /* DownloadsViewController.swift */ = {isa = PBXFileReference; lastKnownFileType = sourcecode.swift; path = DownloadsViewController.swift; sourceTree = "<group>"; };
/* End PBXFileReference section */

/* Begin PBXFrameworksBuildPhase section */
		E1C236F52893D73A0039F870 /* Frameworks */ = {
			isa = PBXFrameworksBuildPhase;
			buildActionMask = 2147483647;
			files = (
				E125C71528B7C034002B70B0 /* SDWebImageMapKit in Frameworks */,
				E125C71328B7C034002B70B0 /* SDWebImage in Frameworks */,
			);
			runOnlyForDeploymentPostprocessing = 0;
		};
		E1C2370E2893D73D0039F870 /* Frameworks */ = {
			isa = PBXFrameworksBuildPhase;
			buildActionMask = 2147483647;
			files = (
			);
			runOnlyForDeploymentPostprocessing = 0;
		};
		E1C237182893D73E0039F870 /* Frameworks */ = {
			isa = PBXFrameworksBuildPhase;
			buildActionMask = 2147483647;
			files = (
			);
			runOnlyForDeploymentPostprocessing = 0;
		};
/* End PBXFrameworksBuildPhase section */

/* Begin PBXGroup section */
		E12DC3FC28B88D8400A14EF7 /* Utils */ = {
			isa = PBXGroup;
			children = (
				E12DC3FD28B88E1000A14EF7 /* ImageLoader.swift */,
				E1F1059228C22026004BEE7E /* Publisher.swift */,
			);
			path = Utils;
			sourceTree = "<group>";
		};
		E13FBA0628AE174000EF5743 /* Network Managers */ = {
			isa = PBXGroup;
			children = (
				E13FBA0728AE17DF00EF5743 /* APIService.swift */,
				E116AB5928BF26EC0018CF7E /* Resource.swift */,
			);
			path = "Network Managers";
			sourceTree = "<group>";
		};
		E1C236EF2893D73A0039F870 = {
			isa = PBXGroup;
			children = (
				E1C236FA2893D73A0039F870 /* Netflix Clone */,
				E1C237142893D73D0039F870 /* Netflix CloneTests */,
				E1C2371E2893D73E0039F870 /* Netflix CloneUITests */,
				E1C236F92893D73A0039F870 /* Products */,
			);
			sourceTree = "<group>";
		};
		E1C236F92893D73A0039F870 /* Products */ = {
			isa = PBXGroup;
			children = (
				E1C236F82893D73A0039F870 /* Netflix Clone.app */,
				E1C237112893D73D0039F870 /* Netflix CloneTests.xctest */,
				E1C2371B2893D73E0039F870 /* Netflix CloneUITests.xctest */,
			);
			name = Products;
			sourceTree = "<group>";
		};
		E1C236FA2893D73A0039F870 /* Netflix Clone */ = {
			isa = PBXGroup;
			children = (
				E12DC3FC28B88D8400A14EF7 /* Utils */,
				E13FBA0628AE174000EF5743 /* Network Managers */,
				E1F8880B2895124D00F2EF2B /* Downloads */,
				E1F8880A2895124100F2EF2B /* Search */,
				E1F888092895122F00F2EF2B /* UpComing */,
				E1F888082895122300F2EF2B /* Home */,
				E1C236FB2893D73A0039F870 /* AppDelegate.swift */,
				E1C236FD2893D73A0039F870 /* SceneDelegate.swift */,
				E1C236FF2893D73A0039F870 /* MainTabBarController.swift */,
				E1C237072893D73D0039F870 /* Assets.xcassets */,
				E1C237092893D73D0039F870 /* LaunchScreen.storyboard */,
				E1C2370C2893D73D0039F870 /* Info.plist */,
				E1C237042893D73A0039F870 /* Netflix_Clone.xcdatamodeld */,
			);
			path = "Netflix Clone";
			sourceTree = "<group>";
		};
		E1C237142893D73D0039F870 /* Netflix CloneTests */ = {
			isa = PBXGroup;
			children = (
				E1C237152893D73E0039F870 /* Netflix_CloneTests.swift */,
			);
			path = "Netflix CloneTests";
			sourceTree = "<group>";
		};
		E1C2371E2893D73E0039F870 /* Netflix CloneUITests */ = {
			isa = PBXGroup;
			children = (
				E1C2371F2893D73E0039F870 /* Netflix_CloneUITests.swift */,
				E1C237212893D73E0039F870 /* Netflix_CloneUITestsLaunchTests.swift */,
			);
			path = "Netflix CloneUITests";
			sourceTree = "<group>";
		};
		E1F888082895122300F2EF2B /* Home */ = {
			isa = PBXGroup;
			children = (
				E1F8880E2895129700F2EF2B /* Model */,
				E1F8880D2895128400F2EF2B /* ViewModel */,
				E1F8880C2895127D00F2EF2B /* Views */,
			);
			path = Home;
			sourceTree = "<group>";
		};
		E1F888092895122F00F2EF2B /* UpComing */ = {
			isa = PBXGroup;
			children = (
				E1F88811289512F600F2EF2B /* Model */,
				E1F88810289512E600F2EF2B /* ViewModel */,
				E1F8880F289512E000F2EF2B /* Views */,
			);
			path = UpComing;
			sourceTree = "<group>";
		};
		E1F8880A2895124100F2EF2B /* Search */ = {
			isa = PBXGroup;
			children = (
				E1F888142895131F00F2EF2B /* Model */,
				E1F888132895130600F2EF2B /* VeiwModel */,
				E1F88812289512FF00F2EF2B /* Views */,
			);
			path = Search;
			sourceTree = "<group>";
		};
		E1F8880B2895124D00F2EF2B /* Downloads */ = {
			isa = PBXGroup;
			children = (
				E1F888152895132A00F2EF2B /* Views */,
			);
			path = Downloads;
			sourceTree = "<group>";
		};
		E1F8880C2895127D00F2EF2B /* Views */ = {
			isa = PBXGroup;
			children = (
				E1F888162895136000F2EF2B /* HomeViewController.swift */,
				E177523928A8B31700D4F4AF /* CollectionViewTableViewCell.swift */,
				E125C70F28B7BDAE002B70B0 /* TitleCollectionViewCell.swift */,
				E177523B28A8CC0700D4F4AF /* HeroUIView.swift */,
			);
			path = Views;
			sourceTree = "<group>";
		};
		E1F8880D2895128400F2EF2B /* ViewModel */ = {
			isa = PBXGroup;
			children = (
				E1276EF028B64E8E00301B55 /* HomeViewModel.swift */,
			);
			path = ViewModel;
			sourceTree = "<group>";
		};
		E1F8880E2895129700F2EF2B /* Model */ = {
			isa = PBXGroup;
			children = (
				E13FBA0928AE3AB100EF5743 /* Movie.swift */,
			);
			path = Model;
			sourceTree = "<group>";
		};
		E1F8880F289512E000F2EF2B /* Views */ = {
			isa = PBXGroup;
			children = (
				E1F888182895139200F2EF2B /* UpComingViewController.swift */,
			);
			path = Views;
			sourceTree = "<group>";
		};
		E1F88810289512E600F2EF2B /* ViewModel */ = {
			isa = PBXGroup;
			children = (
			);
			path = ViewModel;
			sourceTree = "<group>";
		};
		E1F88811289512F600F2EF2B /* Model */ = {
			isa = PBXGroup;
			children = (
			);
			path = Model;
			sourceTree = "<group>";
		};
		E1F88812289512FF00F2EF2B /* Views */ = {
			isa = PBXGroup;
			children = (
				E1F8881A289513A600F2EF2B /* SearchViewController.swift */,
			);
			path = Views;
			sourceTree = "<group>";
		};
		E1F888132895130600F2EF2B /* VeiwModel */ = {
			isa = PBXGroup;
			children = (
			);
			path = VeiwModel;
			sourceTree = "<group>";
		};
		E1F888142895131F00F2EF2B /* Model */ = {
			isa = PBXGroup;
			children = (
			);
			path = Model;
			sourceTree = "<group>";
		};
		E1F888152895132A00F2EF2B /* Views */ = {
			isa = PBXGroup;
			children = (
				E1F8881C289513BA00F2EF2B /* DownloadsViewController.swift */,
			);
			path = Views;
			sourceTree = "<group>";
		};
/* End PBXGroup section */

/* Begin PBXNativeTarget section */
		E1C236F72893D73A0039F870 /* Netflix Clone */ = {
			isa = PBXNativeTarget;
			buildConfigurationList = E1C237252893D73E0039F870 /* Build configuration list for PBXNativeTarget "Netflix Clone" */;
			buildPhases = (
				E1C236F42893D73A0039F870 /* Sources */,
				E1C236F52893D73A0039F870 /* Frameworks */,
				E1C236F62893D73A0039F870 /* Resources */,
			);
			buildRules = (
			);
			dependencies = (
			);
			name = "Netflix Clone";
			packageProductDependencies = (
				E125C71228B7C034002B70B0 /* SDWebImage */,
				E125C71428B7C034002B70B0 /* SDWebImageMapKit */,
			);
			productName = "Netflix Clone";
			productReference = E1C236F82893D73A0039F870 /* Netflix Clone.app */;
			productType = "com.apple.product-type.application";
		};
		E1C237102893D73D0039F870 /* Netflix CloneTests */ = {
			isa = PBXNativeTarget;
			buildConfigurationList = E1C237282893D73E0039F870 /* Build configuration list for PBXNativeTarget "Netflix CloneTests" */;
			buildPhases = (
				E1C2370D2893D73D0039F870 /* Sources */,
				E1C2370E2893D73D0039F870 /* Frameworks */,
				E1C2370F2893D73D0039F870 /* Resources */,
			);
			buildRules = (
			);
			dependencies = (
				E1C237132893D73D0039F870 /* PBXTargetDependency */,
			);
			name = "Netflix CloneTests";
			productName = "Netflix CloneTests";
			productReference = E1C237112893D73D0039F870 /* Netflix CloneTests.xctest */;
			productType = "com.apple.product-type.bundle.unit-test";
		};
		E1C2371A2893D73E0039F870 /* Netflix CloneUITests */ = {
			isa = PBXNativeTarget;
			buildConfigurationList = E1C2372B2893D73E0039F870 /* Build configuration list for PBXNativeTarget "Netflix CloneUITests" */;
			buildPhases = (
				E1C237172893D73E0039F870 /* Sources */,
				E1C237182893D73E0039F870 /* Frameworks */,
				E1C237192893D73E0039F870 /* Resources */,
			);
			buildRules = (
			);
			dependencies = (
				E1C2371D2893D73E0039F870 /* PBXTargetDependency */,
			);
			name = "Netflix CloneUITests";
			productName = "Netflix CloneUITests";
			productReference = E1C2371B2893D73E0039F870 /* Netflix CloneUITests.xctest */;
			productType = "com.apple.product-type.bundle.ui-testing";
		};
/* End PBXNativeTarget section */

/* Begin PBXProject section */
		E1C236F02893D73A0039F870 /* Project object */ = {
			isa = PBXProject;
			attributes = {
				BuildIndependentTargetsInParallel = 1;
				LastSwiftUpdateCheck = 1340;
				LastUpgradeCheck = 1340;
				TargetAttributes = {
					E1C236F72893D73A0039F870 = {
						CreatedOnToolsVersion = 13.4.1;
					};
					E1C237102893D73D0039F870 = {
						CreatedOnToolsVersion = 13.4.1;
						TestTargetID = E1C236F72893D73A0039F870;
					};
					E1C2371A2893D73E0039F870 = {
						CreatedOnToolsVersion = 13.4.1;
						TestTargetID = E1C236F72893D73A0039F870;
					};
				};
			};
			buildConfigurationList = E1C236F32893D73A0039F870 /* Build configuration list for PBXProject "Netflix Clone" */;
			compatibilityVersion = "Xcode 13.0";
			developmentRegion = en;
			hasScannedForEncodings = 0;
			knownRegions = (
				en,
				Base,
			);
			mainGroup = E1C236EF2893D73A0039F870;
			packageReferences = (
				E125C71128B7C034002B70B0 /* XCRemoteSwiftPackageReference "SDWebImage" */,
			);
			productRefGroup = E1C236F92893D73A0039F870 /* Products */;
			projectDirPath = "";
			projectRoot = "";
			targets = (
				E1C236F72893D73A0039F870 /* Netflix Clone */,
				E1C237102893D73D0039F870 /* Netflix CloneTests */,
				E1C2371A2893D73E0039F870 /* Netflix CloneUITests */,
			);
		};
/* End PBXProject section */

/* Begin PBXResourcesBuildPhase section */
		E1C236F62893D73A0039F870 /* Resources */ = {
			isa = PBXResourcesBuildPhase;
			buildActionMask = 2147483647;
			files = (
				E1C2370B2893D73D0039F870 /* LaunchScreen.storyboard in Resources */,
				E1C237082893D73D0039F870 /* Assets.xcassets in Resources */,
			);
			runOnlyForDeploymentPostprocessing = 0;
		};
		E1C2370F2893D73D0039F870 /* Resources */ = {
			isa = PBXResourcesBuildPhase;
			buildActionMask = 2147483647;
			files = (
			);
			runOnlyForDeploymentPostprocessing = 0;
		};
		E1C237192893D73E0039F870 /* Resources */ = {
			isa = PBXResourcesBuildPhase;
			buildActionMask = 2147483647;
			files = (
			);
			runOnlyForDeploymentPostprocessing = 0;
		};
/* End PBXResourcesBuildPhase section */

/* Begin PBXSourcesBuildPhase section */
		E1C236F42893D73A0039F870 /* Sources */ = {
			isa = PBXSourcesBuildPhase;
			buildActionMask = 2147483647;
			files = (
				E1F888172895136000F2EF2B /* HomeViewController.swift in Sources */,
				E116AB5A28BF26EC0018CF7E /* Resource.swift in Sources */,
				E1F8881B289513A600F2EF2B /* SearchViewController.swift in Sources */,
				E12DC3FE28B88E1000A14EF7 /* ImageLoader.swift in Sources */,
				E13FBA0A28AE3AB100EF5743 /* Movie.swift in Sources */,
				E1F8881D289513BA00F2EF2B /* DownloadsViewController.swift in Sources */,
				E1C237062893D73A0039F870 /* Netflix_Clone.xcdatamodeld in Sources */,
				E1C237002893D73A0039F870 /* MainTabBarController.swift in Sources */,
				E177523A28A8B31700D4F4AF /* CollectionViewTableViewCell.swift in Sources */,
				E125C71028B7BDAE002B70B0 /* TitleCollectionViewCell.swift in Sources */,
				E1F1059328C22026004BEE7E /* Publisher.swift in Sources */,
				E177523C28A8CC0700D4F4AF /* HeroUIView.swift in Sources */,
				E1276EF128B64E8E00301B55 /* HomeViewModel.swift in Sources */,
				E1C236FC2893D73A0039F870 /* AppDelegate.swift in Sources */,
				E1F888192895139200F2EF2B /* UpComingViewController.swift in Sources */,
				E13FBA0828AE17DF00EF5743 /* APIService.swift in Sources */,
				E1C236FE2893D73A0039F870 /* SceneDelegate.swift in Sources */,
			);
			runOnlyForDeploymentPostprocessing = 0;
		};
		E1C2370D2893D73D0039F870 /* Sources */ = {
			isa = PBXSourcesBuildPhase;
			buildActionMask = 2147483647;
			files = (
				E1C237162893D73E0039F870 /* Netflix_CloneTests.swift in Sources */,
			);
			runOnlyForDeploymentPostprocessing = 0;
		};
		E1C237172893D73E0039F870 /* Sources */ = {
			isa = PBXSourcesBuildPhase;
			buildActionMask = 2147483647;
			files = (
				E1C237202893D73E0039F870 /* Netflix_CloneUITests.swift in Sources */,
				E1C237222893D73E0039F870 /* Netflix_CloneUITestsLaunchTests.swift in Sources */,
			);
			runOnlyForDeploymentPostprocessing = 0;
		};
/* End PBXSourcesBuildPhase section */

/* Begin PBXTargetDependency section */
		E1C237132893D73D0039F870 /* PBXTargetDependency */ = {
			isa = PBXTargetDependency;
			target = E1C236F72893D73A0039F870 /* Netflix Clone */;
			targetProxy = E1C237122893D73D0039F870 /* PBXContainerItemProxy */;
		};
		E1C2371D2893D73E0039F870 /* PBXTargetDependency */ = {
			isa = PBXTargetDependency;
			target = E1C236F72893D73A0039F870 /* Netflix Clone */;
			targetProxy = E1C2371C2893D73E0039F870 /* PBXContainerItemProxy */;
		};
/* End PBXTargetDependency section */

/* Begin PBXVariantGroup section */
		E1C237092893D73D0039F870 /* LaunchScreen.storyboard */ = {
			isa = PBXVariantGroup;
			children = (
				E1C2370A2893D73D0039F870 /* Base */,
			);
			name = LaunchScreen.storyboard;
			sourceTree = "<group>";
		};
/* End PBXVariantGroup section */

/* Begin XCBuildConfiguration section */
		E1C237232893D73E0039F870 /* Debug */ = {
			isa = XCBuildConfiguration;
			buildSettings = {
				ALWAYS_SEARCH_USER_PATHS = NO;
				CLANG_ANALYZER_NONNULL = YES;
				CLANG_ANALYZER_NUMBER_OBJECT_CONVERSION = YES_AGGRESSIVE;
				CLANG_CXX_LANGUAGE_STANDARD = "gnu++17";
				CLANG_ENABLE_MODULES = YES;
				CLANG_ENABLE_OBJC_ARC = YES;
				CLANG_ENABLE_OBJC_WEAK = YES;
				CLANG_WARN_BLOCK_CAPTURE_AUTORELEASING = YES;
				CLANG_WARN_BOOL_CONVERSION = YES;
				CLANG_WARN_COMMA = YES;
				CLANG_WARN_CONSTANT_CONVERSION = YES;
				CLANG_WARN_DEPRECATED_OBJC_IMPLEMENTATIONS = YES;
				CLANG_WARN_DIRECT_OBJC_ISA_USAGE = YES_ERROR;
				CLANG_WARN_DOCUMENTATION_COMMENTS = YES;
				CLANG_WARN_EMPTY_BODY = YES;
				CLANG_WARN_ENUM_CONVERSION = YES;
				CLANG_WARN_INFINITE_RECURSION = YES;
				CLANG_WARN_INT_CONVERSION = YES;
				CLANG_WARN_NON_LITERAL_NULL_CONVERSION = YES;
				CLANG_WARN_OBJC_IMPLICIT_RETAIN_SELF = YES;
				CLANG_WARN_OBJC_LITERAL_CONVERSION = YES;
				CLANG_WARN_OBJC_ROOT_CLASS = YES_ERROR;
				CLANG_WARN_QUOTED_INCLUDE_IN_FRAMEWORK_HEADER = YES;
				CLANG_WARN_RANGE_LOOP_ANALYSIS = YES;
				CLANG_WARN_STRICT_PROTOTYPES = YES;
				CLANG_WARN_SUSPICIOUS_MOVE = YES;
				CLANG_WARN_UNGUARDED_AVAILABILITY = YES_AGGRESSIVE;
				CLANG_WARN_UNREACHABLE_CODE = YES;
				CLANG_WARN__DUPLICATE_METHOD_MATCH = YES;
				COPY_PHASE_STRIP = NO;
				DEBUG_INFORMATION_FORMAT = dwarf;
				ENABLE_STRICT_OBJC_MSGSEND = YES;
				ENABLE_TESTABILITY = YES;
				GCC_C_LANGUAGE_STANDARD = gnu11;
				GCC_DYNAMIC_NO_PIC = NO;
				GCC_NO_COMMON_BLOCKS = YES;
				GCC_OPTIMIZATION_LEVEL = 0;
				GCC_PREPROCESSOR_DEFINITIONS = (
					"DEBUG=1",
					"$(inherited)",
				);
				GCC_WARN_64_TO_32_BIT_CONVERSION = YES;
				GCC_WARN_ABOUT_RETURN_TYPE = YES_ERROR;
				GCC_WARN_UNDECLARED_SELECTOR = YES;
				GCC_WARN_UNINITIALIZED_AUTOS = YES_AGGRESSIVE;
				GCC_WARN_UNUSED_FUNCTION = YES;
				GCC_WARN_UNUSED_VARIABLE = YES;
				IPHONEOS_DEPLOYMENT_TARGET = 15.5;
				MTL_ENABLE_DEBUG_INFO = INCLUDE_SOURCE;
				MTL_FAST_MATH = YES;
				ONLY_ACTIVE_ARCH = YES;
				SDKROOT = iphoneos;
				SWIFT_ACTIVE_COMPILATION_CONDITIONS = DEBUG;
				SWIFT_OPTIMIZATION_LEVEL = "-Onone";
			};
			name = Debug;
		};
		E1C237242893D73E0039F870 /* Release */ = {
			isa = XCBuildConfiguration;
			buildSettings = {
				ALWAYS_SEARCH_USER_PATHS = NO;
				CLANG_ANALYZER_NONNULL = YES;
				CLANG_ANALYZER_NUMBER_OBJECT_CONVERSION = YES_AGGRESSIVE;
				CLANG_CXX_LANGUAGE_STANDARD = "gnu++17";
				CLANG_ENABLE_MODULES = YES;
				CLANG_ENABLE_OBJC_ARC = YES;
				CLANG_ENABLE_OBJC_WEAK = YES;
				CLANG_WARN_BLOCK_CAPTURE_AUTORELEASING = YES;
				CLANG_WARN_BOOL_CONVERSION = YES;
				CLANG_WARN_COMMA = YES;
				CLANG_WARN_CONSTANT_CONVERSION = YES;
				CLANG_WARN_DEPRECATED_OBJC_IMPLEMENTATIONS = YES;
				CLANG_WARN_DIRECT_OBJC_ISA_USAGE = YES_ERROR;
				CLANG_WARN_DOCUMENTATION_COMMENTS = YES;
				CLANG_WARN_EMPTY_BODY = YES;
				CLANG_WARN_ENUM_CONVERSION = YES;
				CLANG_WARN_INFINITE_RECURSION = YES;
				CLANG_WARN_INT_CONVERSION = YES;
				CLANG_WARN_NON_LITERAL_NULL_CONVERSION = YES;
				CLANG_WARN_OBJC_IMPLICIT_RETAIN_SELF = YES;
				CLANG_WARN_OBJC_LITERAL_CONVERSION = YES;
				CLANG_WARN_OBJC_ROOT_CLASS = YES_ERROR;
				CLANG_WARN_QUOTED_INCLUDE_IN_FRAMEWORK_HEADER = YES;
				CLANG_WARN_RANGE_LOOP_ANALYSIS = YES;
				CLANG_WARN_STRICT_PROTOTYPES = YES;
				CLANG_WARN_SUSPICIOUS_MOVE = YES;
				CLANG_WARN_UNGUARDED_AVAILABILITY = YES_AGGRESSIVE;
				CLANG_WARN_UNREACHABLE_CODE = YES;
				CLANG_WARN__DUPLICATE_METHOD_MATCH = YES;
				COPY_PHASE_STRIP = NO;
				DEBUG_INFORMATION_FORMAT = "dwarf-with-dsym";
				ENABLE_NS_ASSERTIONS = NO;
				ENABLE_STRICT_OBJC_MSGSEND = YES;
				GCC_C_LANGUAGE_STANDARD = gnu11;
				GCC_NO_COMMON_BLOCKS = YES;
				GCC_WARN_64_TO_32_BIT_CONVERSION = YES;
				GCC_WARN_ABOUT_RETURN_TYPE = YES_ERROR;
				GCC_WARN_UNDECLARED_SELECTOR = YES;
				GCC_WARN_UNINITIALIZED_AUTOS = YES_AGGRESSIVE;
				GCC_WARN_UNUSED_FUNCTION = YES;
				GCC_WARN_UNUSED_VARIABLE = YES;
				IPHONEOS_DEPLOYMENT_TARGET = 15.5;
				MTL_ENABLE_DEBUG_INFO = NO;
				MTL_FAST_MATH = YES;
				SDKROOT = iphoneos;
				SWIFT_COMPILATION_MODE = wholemodule;
				SWIFT_OPTIMIZATION_LEVEL = "-O";
				VALIDATE_PRODUCT = YES;
			};
			name = Release;
		};
		E1C237262893D73E0039F870 /* Debug */ = {
			isa = XCBuildConfiguration;
			buildSettings = {
				ASSETCATALOG_COMPILER_APPICON_NAME = AppIcon;
				ASSETCATALOG_COMPILER_GLOBAL_ACCENT_COLOR_NAME = AccentColor;
				CODE_SIGN_STYLE = Automatic;
				CURRENT_PROJECT_VERSION = 1;
				DEVELOPMENT_TEAM = GZ5GP725B7;
				GENERATE_INFOPLIST_FILE = YES;
				INFOPLIST_FILE = "Netflix Clone/Info.plist";
				INFOPLIST_KEY_UIApplicationSupportsIndirectInputEvents = YES;
				INFOPLIST_KEY_UILaunchStoryboardName = LaunchScreen;
				INFOPLIST_KEY_UISupportedInterfaceOrientations_iPad = "UIInterfaceOrientationPortrait UIInterfaceOrientationPortraitUpsideDown UIInterfaceOrientationLandscapeLeft UIInterfaceOrientationLandscapeRight";
				INFOPLIST_KEY_UISupportedInterfaceOrientations_iPhone = "UIInterfaceOrientationPortrait UIInterfaceOrientationLandscapeLeft UIInterfaceOrientationLandscapeRight";
				LD_RUNPATH_SEARCH_PATHS = (
					"$(inherited)",
					"@executable_path/Frameworks",
				);
				MARKETING_VERSION = 1.0;
				PRODUCT_BUNDLE_IDENTIFIER = "com.shreyansh.Netflix-Clone";
				PRODUCT_NAME = "$(TARGET_NAME)";
				SWIFT_EMIT_LOC_STRINGS = YES;
				SWIFT_VERSION = 5.0;
				TARGETED_DEVICE_FAMILY = "1,2";
			};
			name = Debug;
		};
		E1C237272893D73E0039F870 /* Release */ = {
			isa = XCBuildConfiguration;
			buildSettings = {
				ASSETCATALOG_COMPILER_APPICON_NAME = AppIcon;
				ASSETCATALOG_COMPILER_GLOBAL_ACCENT_COLOR_NAME = AccentColor;
				CODE_SIGN_STYLE = Automatic;
				CURRENT_PROJECT_VERSION = 1;
				DEVELOPMENT_TEAM = GZ5GP725B7;
				GENERATE_INFOPLIST_FILE = YES;
				INFOPLIST_FILE = "Netflix Clone/Info.plist";
				INFOPLIST_KEY_UIApplicationSupportsIndirectInputEvents = YES;
				INFOPLIST_KEY_UILaunchStoryboardName = LaunchScreen;
				INFOPLIST_KEY_UISupportedInterfaceOrientations_iPad = "UIInterfaceOrientationPortrait UIInterfaceOrientationPortraitUpsideDown UIInterfaceOrientationLandscapeLeft UIInterfaceOrientationLandscapeRight";
				INFOPLIST_KEY_UISupportedInterfaceOrientations_iPhone = "UIInterfaceOrientationPortrait UIInterfaceOrientationLandscapeLeft UIInterfaceOrientationLandscapeRight";
				LD_RUNPATH_SEARCH_PATHS = (
					"$(inherited)",
					"@executable_path/Frameworks",
				);
				MARKETING_VERSION = 1.0;
				PRODUCT_BUNDLE_IDENTIFIER = "com.shreyansh.Netflix-Clone";
				PRODUCT_NAME = "$(TARGET_NAME)";
				SWIFT_EMIT_LOC_STRINGS = YES;
				SWIFT_VERSION = 5.0;
				TARGETED_DEVICE_FAMILY = "1,2";
			};
			name = Release;
		};
		E1C237292893D73E0039F870 /* Debug */ = {
			isa = XCBuildConfiguration;
			buildSettings = {
				ALWAYS_EMBED_SWIFT_STANDARD_LIBRARIES = YES;
				BUNDLE_LOADER = "$(TEST_HOST)";
				CODE_SIGN_STYLE = Automatic;
				CURRENT_PROJECT_VERSION = 1;
				DEVELOPMENT_TEAM = GZ5GP725B7;
				GENERATE_INFOPLIST_FILE = YES;
				IPHONEOS_DEPLOYMENT_TARGET = 15.5;
				MARKETING_VERSION = 1.0;
				PRODUCT_BUNDLE_IDENTIFIER = "com.shreyansh.Netflix-CloneTests";
				PRODUCT_NAME = "$(TARGET_NAME)";
				SWIFT_EMIT_LOC_STRINGS = NO;
				SWIFT_VERSION = 5.0;
				TARGETED_DEVICE_FAMILY = "1,2";
				TEST_HOST = "$(BUILT_PRODUCTS_DIR)/Netflix Clone.app/Netflix Clone";
			};
			name = Debug;
		};
		E1C2372A2893D73E0039F870 /* Release */ = {
			isa = XCBuildConfiguration;
			buildSettings = {
				ALWAYS_EMBED_SWIFT_STANDARD_LIBRARIES = YES;
				BUNDLE_LOADER = "$(TEST_HOST)";
				CODE_SIGN_STYLE = Automatic;
				CURRENT_PROJECT_VERSION = 1;
				DEVELOPMENT_TEAM = GZ5GP725B7;
				GENERATE_INFOPLIST_FILE = YES;
				IPHONEOS_DEPLOYMENT_TARGET = 15.5;
				MARKETING_VERSION = 1.0;
				PRODUCT_BUNDLE_IDENTIFIER = "com.shreyansh.Netflix-CloneTests";
				PRODUCT_NAME = "$(TARGET_NAME)";
				SWIFT_EMIT_LOC_STRINGS = NO;
				SWIFT_VERSION = 5.0;
				TARGETED_DEVICE_FAMILY = "1,2";
				TEST_HOST = "$(BUILT_PRODUCTS_DIR)/Netflix Clone.app/Netflix Clone";
			};
			name = Release;
		};
		E1C2372C2893D73E0039F870 /* Debug */ = {
			isa = XCBuildConfiguration;
			buildSettings = {
				ALWAYS_EMBED_SWIFT_STANDARD_LIBRARIES = YES;
				CODE_SIGN_STYLE = Automatic;
				CURRENT_PROJECT_VERSION = 1;
				DEVELOPMENT_TEAM = GZ5GP725B7;
				GENERATE_INFOPLIST_FILE = YES;
				MARKETING_VERSION = 1.0;
				PRODUCT_BUNDLE_IDENTIFIER = "com.shreyansh.Netflix-CloneUITests";
				PRODUCT_NAME = "$(TARGET_NAME)";
				SWIFT_EMIT_LOC_STRINGS = NO;
				SWIFT_VERSION = 5.0;
				TARGETED_DEVICE_FAMILY = "1,2";
				TEST_TARGET_NAME = "Netflix Clone";
			};
			name = Debug;
		};
		E1C2372D2893D73E0039F870 /* Release */ = {
			isa = XCBuildConfiguration;
			buildSettings = {
				ALWAYS_EMBED_SWIFT_STANDARD_LIBRARIES = YES;
				CODE_SIGN_STYLE = Automatic;
				CURRENT_PROJECT_VERSION = 1;
				DEVELOPMENT_TEAM = GZ5GP725B7;
				GENERATE_INFOPLIST_FILE = YES;
				MARKETING_VERSION = 1.0;
				PRODUCT_BUNDLE_IDENTIFIER = "com.shreyansh.Netflix-CloneUITests";
				PRODUCT_NAME = "$(TARGET_NAME)";
				SWIFT_EMIT_LOC_STRINGS = NO;
				SWIFT_VERSION = 5.0;
				TARGETED_DEVICE_FAMILY = "1,2";
				TEST_TARGET_NAME = "Netflix Clone";
			};
			name = Release;
		};
/* End XCBuildConfiguration section */

/* Begin XCConfigurationList section */
		E1C236F32893D73A0039F870 /* Build configuration list for PBXProject "Netflix Clone" */ = {
			isa = XCConfigurationList;
			buildConfigurations = (
				E1C237232893D73E0039F870 /* Debug */,
				E1C237242893D73E0039F870 /* Release */,
			);
			defaultConfigurationIsVisible = 0;
			defaultConfigurationName = Release;
		};
		E1C237252893D73E0039F870 /* Build configuration list for PBXNativeTarget "Netflix Clone" */ = {
			isa = XCConfigurationList;
			buildConfigurations = (
				E1C237262893D73E0039F870 /* Debug */,
				E1C237272893D73E0039F870 /* Release */,
			);
			defaultConfigurationIsVisible = 0;
			defaultConfigurationName = Release;
		};
		E1C237282893D73E0039F870 /* Build configuration list for PBXNativeTarget "Netflix CloneTests" */ = {
			isa = XCConfigurationList;
			buildConfigurations = (
				E1C237292893D73E0039F870 /* Debug */,
				E1C2372A2893D73E0039F870 /* Release */,
			);
			defaultConfigurationIsVisible = 0;
			defaultConfigurationName = Release;
		};
		E1C2372B2893D73E0039F870 /* Build configuration list for PBXNativeTarget "Netflix CloneUITests" */ = {
			isa = XCConfigurationList;
			buildConfigurations = (
				E1C2372C2893D73E0039F870 /* Debug */,
				E1C2372D2893D73E0039F870 /* Release */,
			);
			defaultConfigurationIsVisible = 0;
			defaultConfigurationName = Release;
		};
/* End XCConfigurationList section */

/* Begin XCRemoteSwiftPackageReference section */
		E125C71128B7C034002B70B0 /* XCRemoteSwiftPackageReference "SDWebImage" */ = {
			isa = XCRemoteSwiftPackageReference;
			repositoryURL = "https://github.com/SDWebImage/SDWebImage.git";
			requirement = {
				kind = upToNextMajorVersion;
				minimumVersion = 5.0.0;
			};
		};
/* End XCRemoteSwiftPackageReference section */

/* Begin XCSwiftPackageProductDependency section */
		E125C71228B7C034002B70B0 /* SDWebImage */ = {
			isa = XCSwiftPackageProductDependency;
			package = E125C71128B7C034002B70B0 /* XCRemoteSwiftPackageReference "SDWebImage" */;
			productName = SDWebImage;
		};
		E125C71428B7C034002B70B0 /* SDWebImageMapKit */ = {
			isa = XCSwiftPackageProductDependency;
			package = E125C71128B7C034002B70B0 /* XCRemoteSwiftPackageReference "SDWebImage" */;
			productName = SDWebImageMapKit;
		};
/* End XCSwiftPackageProductDependency section */

/* Begin XCVersionGroup section */
		E1C237042893D73A0039F870 /* Netflix_Clone.xcdatamodeld */ = {
			isa = XCVersionGroup;
			children = (
				E1C237052893D73A0039F870 /* Netflix_Clone.xcdatamodel */,
			);
			currentVersion = E1C237052893D73A0039F870 /* Netflix_Clone.xcdatamodel */;
			path = Netflix_Clone.xcdatamodeld;
			sourceTree = "<group>";
			versionGroupType = wrapper.xcdatamodel;
		};
/* End XCVersionGroup section */
	};
	rootObject = E1C236F02893D73A0039F870 /* Project object */;
}
